
Microsoft Visual Studio Solution File, Format Version 12.00
# Visual Studio Version 17
VisualStudioVersion = 17.14.36121.58 d17.14
MinimumVisualStudioVersion = 10.0.40219.1
Project("{FAE04EC0-301F-11D3-BF4B-00C04F79EFBC}") = "WarehouseApi", "WarehouseApi.csproj", "{492245F9-3900-4595-AE25-67C37545BEF8}"
EndProject
Global
	GlobalSection(SolutionConfigurationPlatforms) = preSolution
		Debug|Any CPU = Debug|Any CPU
		Release|Any CPU = Release|Any CPU
	EndGlobalSection
	GlobalSection(ProjectConfigurationPlatforms) = postSolution
		{492245F9-3900-4595-AE25-67C37545BEF8}.Debug|Any CPU.ActiveCfg = Debug|Any CPU
		{492245F9-3900-4595-AE25-67C37545BEF8}.Debug|Any CPU.Build.0 = Debug|Any CPU
		{492245F9-3900-4595-AE25-67C37545BEF8}.Release|Any CPU.ActiveCfg = Release|Any CPU
		{492245F9-3900-4595-AE25-67C37545BEF8}.Release|Any CPU.Build.0 = Release|Any CPU
	EndGlobalSection
	GlobalSection(SolutionProperties) = preSolution
		HideSolutionNode = FALSE
	EndGlobalSection
	GlobalSection(ExtensibilityGlobals) = postSolution
		SolutionGuid = {B1943A70-8B0F-4787-93E8-00F9F1FBFE86}
	EndGlobalSection
EndGlobal
